# This file is automatically @generated by Cargo.
# It is not intended for manual editing.
version = 4

[[package]]
name = "atomic-maybe-uninit"
version = "0.3.18"
source = "registry+https://github.com/rust-lang/crates.io-index"
checksum = "9b7d0a076c1b63363b0c9834bc0bbc43e5ca3b63d3cff75ea739e082aabc169d"

[[package]]
name = "crossbeam-deque"
version = "0.8.6"
dependencies = [
 "crossbeam-epoch",
 "crossbeam-utils",
]

[[package]]
name = "crossbeam-epoch"
version = "0.9.18"
dependencies = [
 "crossbeam-utils",
]

[[package]]
name = "crossbeam-utils"
version = "0.8.21"
dependencies = [
 "atomic-maybe-uninit",
]

[[package]]
name = "deque-repro"
version = "0.0.1"
dependencies = [
 "crossbeam-deque",
]
