# This file is automatically @generated by Cargo.
# It is not intended for manual editing.
version = 4

[[package]]
name = "saa"
version = "5.5.1"
source = "registry+https://github.com/rust-lang/crates.io-index"
checksum = "bd8d438861332c3b1ac396c77bd9cac620ea1ff347efb63c05a83d8f0a593899"

[[package]]
name = "scc"
version = "3.4.8"
dependencies = [
 "saa",
 "sdd",
]

[[package]]
name = "scc_trace_driver"
version = "0.0.1"
dependencies = [
 "scc",
 "sdd",
]

[[package]]
name = "sdd"
version = "4.8.6"
source = "registry+https://github.com/rust-lang/crates.io-index"
checksum = "e5f0e40a01b94e35d1dacbcfbe5bfd3d31e37d9590b2e6d86a82b0e87bd4f551"
dependencies = [
 "saa",
]
